
Microsoft Visual Studio Solution File, Format Version 12.00
# Visual Studio 15
Project("{FAE04EC0-301F-11D3-BF4B-00C04F79EFBC}") = "Assembly-CSharp", "Assembly-CSharp.csproj", "{E3D3142D-6FE7-E429-0527-E044C46F9A74}"
EndProject
Project("{FAE04EC0-301F-11D3-BF4B-00C04F79EFBC}") = "Assembly-CSharp-Editor", "Assembly-CSharp-Editor.csproj", "{4FB28A4C-2C04-8B8B-B605-51ECD2E2594A}"
EndProject
Global
	GlobalSection(SolutionConfigurationPlatforms) = preSolution
		Debug|Any CPU = Debug|Any CPU
		Release|Any CPU = Release|Any CPU
	EndGlobalSection
	GlobalSection(ProjectConfigurationPlatforms) = postSolution
		{E3D3142D-6FE7-E429-0527-E044C46F9A74}.Debug|Any CPU.ActiveCfg = Debug|Any CPU
		{E3D3142D-6FE7-E429-0527-E044C46F9A74}.Debug|Any CPU.Build.0 = Debug|Any CPU
		{E3D3142D-6FE7-E429-0527-E044C46F9A74}.Release|Any CPU.ActiveCfg = Release|Any CPU
		{E3D3142D-6FE7-E429-0527-E044C46F9A74}.Release|Any CPU.Build.0 = Release|Any CPU
		{4FB28A4C-2C04-8B8B-B605-51ECD2E2594A}.Debug|Any CPU.ActiveCfg = Debug|Any CPU
		{4FB28A4C-2C04-8B8B-B605-51ECD2E2594A}.Debug|Any CPU.Build.0 = Debug|Any CPU
		{4FB28A4C-2C04-8B8B-B605-51ECD2E2594A}.Release|Any CPU.ActiveCfg = Release|Any CPU
		{4FB28A4C-2C04-8B8B-B605-51ECD2E2594A}.Release|Any CPU.Build.0 = Release|Any CPU
	EndGlobalSection
	GlobalSection(SolutionProperties) = preSolution
		HideSolutionNode = FALSE
	EndGlobalSection
EndGlobal
